
Microsoft Visual Studio Solution File, Format Version 12.00
# Visual Studio 15
VisualStudioVersion = 15.0.27130.2020
MinimumVisualStudioVersion = 10.0.40219.1
Project("{FAE04EC0-301F-11D3-BF4B-00C04F79EFBC}") = "MSRedis11", "MSRedis11\MSRedis11.csproj", "{FDDDBFF1-825B-46EB-8957-E172A1D6C9F4}"
EndProject
Global
	GlobalSection(SolutionConfigurationPlatforms) = preSolution
		Debug|Any CPU = Debug|Any CPU
		Release|Any CPU = Release|Any CPU
	EndGlobalSection
	GlobalSection(ProjectConfigurationPlatforms) = postSolution
		{FDDDBFF1-825B-46EB-8957-E172A1D6C9F4}.Debug|Any CPU.ActiveCfg = Debug|Any CPU
		{FDDDBFF1-825B-46EB-8957-E172A1D6C9F4}.Debug|Any CPU.Build.0 = Debug|Any CPU
		{FDDDBFF1-825B-46EB-8957-E172A1D6C9F4}.Release|Any CPU.ActiveCfg = Release|Any CPU
		{FDDDBFF1-825B-46EB-8957-E172A1D6C9F4}.Release|Any CPU.Build.0 = Release|Any CPU
	EndGlobalSection
	GlobalSection(SolutionProperties) = preSolution
		HideSolutionNode = FALSE
	EndGlobalSection
	GlobalSection(ExtensibilityGlobals) = postSolution
		SolutionGuid = {3E8A250B-B4F5-45DC-BE23-08893969F9AD}
	EndGlobalSection
EndGlobal
